
Microsoft Visual Studio Solution File, Format Version 12.00
# Visual Studio Version 17
VisualStudioVersion = 17.1.32328.378
MinimumVisualStudioVersion = 10.0.40219.1
Project("{FAE04EC0-301F-11D3-BF4B-00C04F79EFBC}") = "PassListToSP", "PassListToSP\PassListToSP.csproj", "{1CADA6BD-01F9-45CA-83B8-8439DC6256E2}"
EndProject
Global
	GlobalSection(SolutionConfigurationPlatforms) = preSolution
		Debug|Any CPU = Debug|Any CPU
		Release|Any CPU = Release|Any CPU
	EndGlobalSection
	GlobalSection(ProjectConfigurationPlatforms) = postSolution
		{1CADA6BD-01F9-45CA-83B8-8439DC6256E2}.Debug|Any CPU.ActiveCfg = Debug|Any CPU
		{1CADA6BD-01F9-45CA-83B8-8439DC6256E2}.Debug|Any CPU.Build.0 = Debug|Any CPU
		{1CADA6BD-01F9-45CA-83B8-8439DC6256E2}.Release|Any CPU.ActiveCfg = Release|Any CPU
		{1CADA6BD-01F9-45CA-83B8-8439DC6256E2}.Release|Any CPU.Build.0 = Release|Any CPU
	EndGlobalSection
	GlobalSection(SolutionProperties) = preSolution
		HideSolutionNode = FALSE
	EndGlobalSection
	GlobalSection(ExtensibilityGlobals) = postSolution
		SolutionGuid = {80DCBED0-A736-42FA-A287-047E0D5AC2CB}
	EndGlobalSection
EndGlobal
